<?xml version="1.0" encoding="utf-8"?>
<Project ToolsVersion="4.0" xmlns="http://schemas.microsoft.com/developer/msbuild/2003">
  <ItemGroup>
    <ClCompile Include="App.cpp" />
    <ClCompile Include="main.cpp" />
    <ClCompile Include="SDLEvent.cpp" />
    <ClCompile Include="TimeManager.cpp" />
    <ClCompile Include="engine\core\component.cpp">
      <Filter>engine\core</Filter>
    </ClCompile>
    <ClCompile Include="engine\core\game_object.cpp">
      <Filter>engine\core</Filter>
    </ClCompile>
    <ClCompile Include="engine\core\renderer.cpp">
      <Filter>engine\core</Filter>
    </ClCompile>
    <ClCompile Include="engine\core\unique_id.cpp">
      <Filter>engine\core</Filter>
    </ClCompile>
    <ClCompile Include="engine\math\math_utilities.cpp">
      <Filter>engine\math</Filter>
    </ClCompile>
    <ClCompile Include="engine\math\Matrix_4.cpp">
      <Filter>engine\math</Filter>
    </ClCompile>
    <ClCompile Include="engine\math\vector_2.cpp">
      <Filter>engine\math</Filter>
    </ClCompile>
    <ClCompile Include="engine\math\vector_3.cpp">
      <Filter>engine\math</Filter>
    </ClCompile>
    <ClCompile Include="engine\math\vector_4.cpp">
      <Filter>engine\math</Filter>
    </ClCompile>
    <ClCompile Include="engine\utilities\shader_utilities.cpp">
      <Filter>engine\utilities</Filter>
    </ClCompile>
    <ClCompile Include="engine\utilities\error_manager.cpp">
      <Filter>engine\utilities</Filter>
    </ClCompile>
    <ClCompile Include="game\game.cpp">
      <Filter>game</Filter>
    </ClCompile>
    <ClCompile Include="engine\utilities\input_manager.cpp">
      <Filter>engine\utilities</Filter>
    </ClCompile>
    <ClCompile Include="engine\core\ball.cpp">
      <Filter>engine\core</Filter>
    </ClCompile>
    <ClCompile Include="engine\core\block.cpp">
      <Filter>engine\core</Filter>
    </ClCompile>
    <ClCompile Include="engine\texture\texture_manager.cpp">
      <Filter>engine\texture</Filter>
    </ClCompile>
    <ClCompile Include="engine\components\model_matrix_component.cpp">
      <Filter>engine\components</Filter>
    </ClCompile>
    <ClCompile Include="engine\components\texture_component.cpp">
      <Filter>engine\components</Filter>
    </ClCompile>
    <ClCompile Include="engine\components\vertex_component.cpp">
      <Filter>engine\components</Filter>
    </ClCompile>
    <ClCompile Include="engine\components\position_component.cpp">
      <Filter>engine\components</Filter>
    </ClCompile>
    <ClCompile Include="engine\components\physics_component.cpp">
      <Filter>engine\components</Filter>
    </ClCompile>
    <ClCompile Include="engine\core\paddle.cpp">
      <Filter>engine\core</Filter>
    </ClCompile>
    <ClCompile Include="game\game levels\game_level.cpp">
      <Filter>game\game levels</Filter>
    </ClCompile>
  </ItemGroup>
  <ItemGroup>
    <ClInclude Include="App.hpp" />
    <ClInclude Include="SDLEvent.hpp" />
    <ClInclude Include="TimeManager.hpp" />
    <ClInclude Include="resource.h" />
    <ClInclude Include="engine\core\component.hpp">
      <Filter>engine\core</Filter>
    </ClInclude>
    <ClInclude Include="engine\core\game_object.hpp">
      <Filter>engine\core</Filter>
    </ClInclude>
    <ClInclude Include="engine\core\IRender.hpp">
      <Filter>engine\core</Filter>
    </ClInclude>
    <ClInclude Include="engine\core\IUpdate.hpp">
      <Filter>engine\core</Filter>
    </ClInclude>
    <ClInclude Include="engine\core\renderer.hpp">
      <Filter>engine\core</Filter>
    </ClInclude>
    <ClInclude Include="engine\core\unique_id.hpp">
      <Filter>engine\core</Filter>
    </ClInclude>
    <ClInclude Include="engine\core\vertex.hpp">
      <Filter>engine\core</Filter>
    </ClInclude>
    <ClInclude Include="engine\math\math_utilities.hpp">
      <Filter>engine\math</Filter>
    </ClInclude>
    <ClInclude Include="engine\math\Matrix_4.hpp">
      <Filter>engine\math</Filter>
    </ClInclude>
    <ClInclude Include="engine\math\vector_2.hpp">
      <Filter>engine\math</Filter>
    </ClInclude>
    <ClInclude Include="engine\math\vector_3.hpp">
      <Filter>engine\math</Filter>
    </ClInclude>
    <ClInclude Include="engine\math\vector_4.hpp">
      <Filter>engine\math</Filter>
    </ClInclude>
    <ClInclude Include="engine\utilities\shader_utilities.hpp">
      <Filter>engine\utilities</Filter>
    </ClInclude>
    <ClInclude Include="engine\utilities\error_manager.hpp">
      <Filter>engine\utilities</Filter>
    </ClInclude>
    <ClInclude Include="game\game.hpp">
      <Filter>game</Filter>
    </ClInclude>
    <ClInclude Include="engine\utilities\input_manager.hpp">
      <Filter>engine\utilities</Filter>
    </ClInclude>
    <ClInclude Include="engine\core\ball.hpp">
      <Filter>engine\core</Filter>
    </ClInclude>
    <ClInclude Include="engine\core\block.hpp">
      <Filter>engine\core</Filter>
    </ClInclude>
    <ClInclude Include="engine\utilities\stb_image.h">
      <Filter>engine\utilities</Filter>
    </ClInclude>
    <ClInclude Include="engine\texture\texture_manager.hpp">
      <Filter>engine\texture</Filter>
    </ClInclude>
    <ClInclude Include="engine\components\vertex_component.hpp">
      <Filter>engine\components</Filter>
    </ClInclude>
    <ClInclude Include="engine\components\texture_component.hpp">
      <Filter>engine\components</Filter>
    </ClInclude>
    <ClInclude Include="engine\components\model_matrix_component.hpp">
      <Filter>engine\components</Filter>
    </ClInclude>
    <ClInclude Include="engine\components\position_component.hpp">
      <Filter>engine\components</Filter>
    </ClInclude>
    <ClInclude Include="engine\components\phisics_component.hpp">
      <Filter>engine\components</Filter>
    </ClInclude>
    <ClInclude Include="engine\core\paddle.hpp">
      <Filter>engine\core</Filter>
    </ClInclude>
    <ClInclude Include="game\game levels\game_level.hpp">
      <Filter>game\game levels</Filter>
    </ClInclude>
  </ItemGroup>
  <ItemGroup>
    <Filter Include="engine">
      <UniqueIdentifier>{6f9fb37f-e47b-46c3-8209-dbf486018555}</UniqueIdentifier>
    </Filter>
    <Filter Include="engine\shaders">
      <UniqueIdentifier>{a17e019d-f4a8-4b67-85ef-14b1552cd58f}</UniqueIdentifier>
    </Filter>
    <Filter Include="engine\core">
      <UniqueIdentifier>{0a2a633a-f75a-4498-a0e8-0a1c435ac45a}</UniqueIdentifier>
    </Filter>
    <Filter Include="game">
      <UniqueIdentifier>{5b361e1f-c95c-4856-a6b2-02708c35b3bc}</UniqueIdentifier>
    </Filter>
    <Filter Include="game\assets">
      <UniqueIdentifier>{70f53e84-8f6e-4bae-ada7-ba4015c9bad6}</UniqueIdentifier>
    </Filter>
    <Filter Include="engine\texture">
      <UniqueIdentifier>{7844073c-138f-4e67-af5c-6e351186b650}</UniqueIdentifier>
    </Filter>
    <Filter Include="engine\math">
      <UniqueIdentifier>{b8af7aee-c6c7-495d-9907-27a753064830}</UniqueIdentifier>
    </Filter>
    <Filter Include="engine\utilities">
      <UniqueIdentifier>{7de3207b-1094-400e-b78a-d17b59796945}</UniqueIdentifier>
    </Filter>
    <Filter Include="engine\components">
      <UniqueIdentifier>{aa6c6173-6ac5-4c7c-be0f-fdc5ea99bd4b}</UniqueIdentifier>
    </Filter>
    <Filter Include="game\game levels">
      <UniqueIdentifier>{5a84c6b2-bb9c-4d75-a8a5-93dfcf2df427}</UniqueIdentifier>
    </Filter>
  </ItemGroup>
  <ItemGroup>
    <ResourceCompile Include="BoilerPlate.rc" />
  </ItemGroup>
  <ItemGroup>
    <None Include="vertex.glsl">
      <Filter>engine\shaders</Filter>
    </None>
    <None Include="frag.glsl">
      <Filter>engine\shaders</Filter>
    </None>
  </ItemGroup>
  <ItemGroup>
    <Image Include="game\assets\block_solid.png">
      <Filter>game\assets</Filter>
    </Image>
    <Image Include="game\assets\background.jpg">
      <Filter>game\assets</Filter>
    </Image>
    <Image Include="game\assets\ball.png">
      <Filter>game\assets</Filter>
    </Image>
    <Image Include="game\assets\block.png">
      <Filter>game\assets</Filter>
    </Image>
    <Image Include="game\assets\face.png">
      <Filter>game\assets</Filter>
    </Image>
    <Image Include="game\assets\test.png">
      <Filter>game\assets</Filter>
    </Image>
    <Image Include="game\assets\paddle.png">
      <Filter>game\assets</Filter>
    </Image>
  </ItemGroup>
  <ItemGroup>
    <Text Include="game\assets\first_level.txt">
      <Filter>game\assets</Filter>
    </Text>
  </ItemGroup>
</Project>